
Microsoft Visual Studio Solution File, Format Version 12.00
# Visual Studio 14
VisualStudioVersion = 14.0.24720.0
MinimumVisualStudioVersion = 10.0.40219.1
Project("{FAE04EC0-301F-11D3-BF4B-00C04F79EFBC}") = "CalculatorConsole", "CalculatorConsole.csproj", "{C72D66AC-01B2-4DE2-968C-FE397D47B6A0}"
EndProject
Project("{FAE04EC0-301F-11D3-BF4B-00C04F79EFBC}") = "MathOperations", "MathOperations\MathOperations.csproj", "{1ED73B75-C686-49FA-B319-4D9EB3D5DCD3}"
EndProject
Project("{FAE04EC0-301F-11D3-BF4B-00C04F79EFBC}") = "CalculatorFramework", "CalculatorFramework\CalculatorFramework.csproj", "{6382EC32-02D0-49A1-9C5B-663AA6BBBB99}"
EndProject
Project("{FAE04EC0-301F-11D3-BF4B-00C04F79EFBC}") = "CalculatorFrameworkTests", "..\CalculatorTests\CalculatorFrameworkTests.csproj", "{7B45667A-A4C0-4946-B8F1-2617CD8E9644}"
EndProject
Global
	GlobalSection(SolutionConfigurationPlatforms) = preSolution
		Debug|Any CPU = Debug|Any CPU
		Release|Any CPU = Release|Any CPU
	EndGlobalSection
	GlobalSection(ProjectConfigurationPlatforms) = postSolution
		{C72D66AC-01B2-4DE2-968C-FE397D47B6A0}.Debug|Any CPU.ActiveCfg = Debug|Any CPU
		{C72D66AC-01B2-4DE2-968C-FE397D47B6A0}.Debug|Any CPU.Build.0 = Debug|Any CPU
		{C72D66AC-01B2-4DE2-968C-FE397D47B6A0}.Release|Any CPU.ActiveCfg = Release|Any CPU
		{C72D66AC-01B2-4DE2-968C-FE397D47B6A0}.Release|Any CPU.Build.0 = Release|Any CPU
		{1ED73B75-C686-49FA-B319-4D9EB3D5DCD3}.Debug|Any CPU.ActiveCfg = Debug|Any CPU
		{1ED73B75-C686-49FA-B319-4D9EB3D5DCD3}.Debug|Any CPU.Build.0 = Debug|Any CPU
		{1ED73B75-C686-49FA-B319-4D9EB3D5DCD3}.Release|Any CPU.ActiveCfg = Release|Any CPU
		{1ED73B75-C686-49FA-B319-4D9EB3D5DCD3}.Release|Any CPU.Build.0 = Release|Any CPU
		{6382EC32-02D0-49A1-9C5B-663AA6BBBB99}.Debug|Any CPU.ActiveCfg = Debug|Any CPU
		{6382EC32-02D0-49A1-9C5B-663AA6BBBB99}.Debug|Any CPU.Build.0 = Debug|Any CPU
		{6382EC32-02D0-49A1-9C5B-663AA6BBBB99}.Release|Any CPU.ActiveCfg = Release|Any CPU
		{6382EC32-02D0-49A1-9C5B-663AA6BBBB99}.Release|Any CPU.Build.0 = Release|Any CPU
		{7B45667A-A4C0-4946-B8F1-2617CD8E9644}.Debug|Any CPU.ActiveCfg = Debug|Any CPU
		{7B45667A-A4C0-4946-B8F1-2617CD8E9644}.Debug|Any CPU.Build.0 = Debug|Any CPU
		{7B45667A-A4C0-4946-B8F1-2617CD8E9644}.Release|Any CPU.ActiveCfg = Release|Any CPU
		{7B45667A-A4C0-4946-B8F1-2617CD8E9644}.Release|Any CPU.Build.0 = Release|Any CPU
	EndGlobalSection
	GlobalSection(SolutionProperties) = preSolution
		HideSolutionNode = FALSE
	EndGlobalSection
EndGlobal
