
Microsoft Visual Studio Solution File, Format Version 12.00
# Visual Studio 14
VisualStudioVersion = 14.0.23107.0
MinimumVisualStudioVersion = 10.0.40219.1
Project("{FAE04EC0-301F-11D3-BF4B-00C04F79EFBC}") = "VacationManagement", "VacationManagement\VacationManagement.csproj", "{3CC3DF3B-5969-4881-B684-E8D933B4CD57}"
EndProject
Project("{FAE04EC0-301F-11D3-BF4B-00C04F79EFBC}") = "VacationLib", "VacationLib\VacationLib.csproj", "{93D091FA-CE6A-48CD-854C-71043CE5D92C}"
EndProject
Project("{FAE04EC0-301F-11D3-BF4B-00C04F79EFBC}") = "VacationUI", "VacationUI\VacationUI.csproj", "{E98AA786-4220-45A4-A0B3-7A4898696AA8}"
EndProject
Global
	GlobalSection(SolutionConfigurationPlatforms) = preSolution
		Debug|Any CPU = Debug|Any CPU
		Release|Any CPU = Release|Any CPU
	EndGlobalSection
	GlobalSection(ProjectConfigurationPlatforms) = postSolution
		{3CC3DF3B-5969-4881-B684-E8D933B4CD57}.Debug|Any CPU.ActiveCfg = Debug|Any CPU
		{3CC3DF3B-5969-4881-B684-E8D933B4CD57}.Debug|Any CPU.Build.0 = Debug|Any CPU
		{3CC3DF3B-5969-4881-B684-E8D933B4CD57}.Release|Any CPU.ActiveCfg = Release|Any CPU
		{3CC3DF3B-5969-4881-B684-E8D933B4CD57}.Release|Any CPU.Build.0 = Release|Any CPU
		{93D091FA-CE6A-48CD-854C-71043CE5D92C}.Debug|Any CPU.ActiveCfg = Debug|Any CPU
		{93D091FA-CE6A-48CD-854C-71043CE5D92C}.Debug|Any CPU.Build.0 = Debug|Any CPU
		{93D091FA-CE6A-48CD-854C-71043CE5D92C}.Release|Any CPU.ActiveCfg = Release|Any CPU
		{93D091FA-CE6A-48CD-854C-71043CE5D92C}.Release|Any CPU.Build.0 = Release|Any CPU
		{E98AA786-4220-45A4-A0B3-7A4898696AA8}.Debug|Any CPU.ActiveCfg = Debug|Any CPU
		{E98AA786-4220-45A4-A0B3-7A4898696AA8}.Debug|Any CPU.Build.0 = Debug|Any CPU
		{E98AA786-4220-45A4-A0B3-7A4898696AA8}.Release|Any CPU.ActiveCfg = Release|Any CPU
		{E98AA786-4220-45A4-A0B3-7A4898696AA8}.Release|Any CPU.Build.0 = Release|Any CPU
	EndGlobalSection
	GlobalSection(SolutionProperties) = preSolution
		HideSolutionNode = FALSE
	EndGlobalSection
EndGlobal
